
Microsoft Visual Studio Solution File, Format Version 12.00
# Visual Studio Version 17
VisualStudioVersion = 17.1.32421.90
MinimumVisualStudioVersion = 10.0.40219.1
Project("{FAE04EC0-301F-11D3-BF4B-00C04F79EFBC}") = "ByteBank", "ByteBank\ByteBank.csproj", "{5241D0F7-0718-4A9A-8334-B5101CEA1B06}"
EndProject
Global
	GlobalSection(SolutionConfigurationPlatforms) = preSolution
		Debug|Any CPU = Debug|Any CPU
		Release|Any CPU = Release|Any CPU
	EndGlobalSection
	GlobalSection(ProjectConfigurationPlatforms) = postSolution
		{5241D0F7-0718-4A9A-8334-B5101CEA1B06}.Debug|Any CPU.ActiveCfg = Debug|Any CPU
		{5241D0F7-0718-4A9A-8334-B5101CEA1B06}.Debug|Any CPU.Build.0 = Debug|Any CPU
		{5241D0F7-0718-4A9A-8334-B5101CEA1B06}.Release|Any CPU.ActiveCfg = Release|Any CPU
		{5241D0F7-0718-4A9A-8334-B5101CEA1B06}.Release|Any CPU.Build.0 = Release|Any CPU
	EndGlobalSection
	GlobalSection(SolutionProperties) = preSolution
		HideSolutionNode = FALSE
	EndGlobalSection
	GlobalSection(ExtensibilityGlobals) = postSolution
		SolutionGuid = {7F78292E-1D19-4F3B-9C04-64281399B875}
	EndGlobalSection
EndGlobal
